{
  "requires": true,
  "lockfileVersion": 1,
  "dependencies": {
    "bootstrap-slider": {
      "version": "10.6.2",
      "resolved": "https://registry.npmjs.org/bootstrap-slider/-/bootstrap-slider-10.6.2.tgz",
      "integrity": "sha512-8JTPZB9QVOdrGzYF3YgC3YW6ssfPeBvBwZnXffiZ7YH/zz1D0EKlZvmQsm/w3N0XjVNYQEoQ0ax+jHrErV4K1Q=="
    },
    "lodash": {
      "version": "4.17.15",
      "resolved": "https://registry.npmjs.org/lodash/-/lodash-4.17.15.tgz",
      "integrity": "sha512-8xOcRHvCjnocdS5cpwXQXVzmmh5e5+saE2QGoeQmbKmRS6J3VQppPOIt0MnmE+4xlZoumy0GPG0D0MVIQbNA1A=="
    },
    "vue-bootstrap-slider": {
      "version": "2.1.8",
      "resolved": "https://registry.npmjs.org/vue-bootstrap-slider/-/vue-bootstrap-slider-2.1.8.tgz",
      "integrity": "sha512-UwV/T+Fy8jhlHLOVL5MPp5yl076u1FUM0WeK/ScD267XODrvvpy/xioL16ZgKUQPvu+3Bok8lR39Z6hiTGeUSQ==",
      "requires": {
        "bootstrap-slider": "^10.6.0",
        "lodash": "^4.17.11"
      }
    }
  }
}
